// !$*UTF8*$!
{
	archiveVersion = 1;
	classes = {
	};
	objectVersion = 51;
	objects = {

/* Begin PBXBuildFile section */
		2AD9AB6DE2A0787776137C8D /* Pods_Parstagram.framework in Frameworks */ = {isa = PBXBuildFile; fileRef = AE50FD92C889641651B99714 /* Pods_Parstagram.framework */; };
		7A66532E1F193FA632D1CC9E /* Pods_ParstagramTests.framework in Frameworks */ = {isa = PBXBuildFile; fileRef = 79409FA5DE89E319BF23DD23 /* Pods_ParstagramTests.framework */; };
		C64A92E526068F0400E469C0 /* AppDelegate.swift in Sources */ = {isa = PBXBuildFile; fileRef = C64A92E426068F0400E469C0 /* AppDelegate.swift */; };
		C64A92E726068F0400E469C0 /* SceneDelegate.swift in Sources */ = {isa = PBXBuildFile; fileRef = C64A92E626068F0400E469C0 /* SceneDelegate.swift */; };
		C64A92EC26068F0400E469C0 /* Main.storyboard in Resources */ = {isa = PBXBuildFile; fileRef = C64A92EA26068F0400E469C0 /* Main.storyboard */; };
		C64A92EE26068F0600E469C0 /* Assets.xcassets in Resources */ = {isa = PBXBuildFile; fileRef = C64A92ED26068F0600E469C0 /* Assets.xcassets */; };
		C64A92F126068F0600E469C0 /* LaunchScreen.storyboard in Resources */ = {isa = PBXBuildFile; fileRef = C64A92EF26068F0600E469C0 /* LaunchScreen.storyboard */; };
		C64A92FC26068F0600E469C0 /* ParstagramTests.swift in Sources */ = {isa = PBXBuildFile; fileRef = C64A92FB26068F0600E469C0 /* ParstagramTests.swift */; };
		C64A930726068F0600E469C0 /* ParstagramUITests.swift in Sources */ = {isa = PBXBuildFile; fileRef = C64A930626068F0600E469C0 /* ParstagramUITests.swift */; };
		C67CAB862606958800A3B591 /* LoginViewController.swift in Sources */ = {isa = PBXBuildFile; fileRef = C67CAB852606958800A3B591 /* LoginViewController.swift */; };
		C67CAB8B2606959700A3B591 /* FeedViewController.swift in Sources */ = {isa = PBXBuildFile; fileRef = C67CAB8A2606959700A3B591 /* FeedViewController.swift */; };
		C67CAB9026069B7F00A3B591 /* CameraViewController.swift in Sources */ = {isa = PBXBuildFile; fileRef = C67CAB8F26069B7F00A3B591 /* CameraViewController.swift */; };
		C67CABA02606A5C900A3B591 /* PostCell.swift in Sources */ = {isa = PBXBuildFile; fileRef = C67CAB9F2606A5C900A3B591 /* PostCell.swift */; };
		DD234637EEB538E2AD988F37 /* Pods_Parstagram_ParstagramUITests.framework in Frameworks */ = {isa = PBXBuildFile; fileRef = CED2D7B3E87BE9E91D06DD8B /* Pods_Parstagram_ParstagramUITests.framework */; };
/* End PBXBuildFile section */

/* Begin PBXContainerItemProxy section */
		C64A92F826068F0600E469C0 /* PBXContainerItemProxy */ = {
			isa = PBXContainerItemProxy;
			containerPortal = C64A92D926068F0400E469C0 /* Project object */;
			proxyType = 1;
			remoteGlobalIDString = C64A92E026068F0400E469C0;
			remoteInfo = Parstagram;
		};
		C64A930326068F0600E469C0 /* PBXContainerItemProxy */ = {
			isa = PBXContainerItemProxy;
			containerPortal = C64A92D926068F0400E469C0 /* Project object */;
			proxyType = 1;
			remoteGlobalIDString = C64A92E026068F0400E469C0;
			remoteInfo = Parstagram;
		};
/* End PBXContainerItemProxy section */

/* Begin PBXFileReference section */
		33E6EE46CE1F9AB4ED23F74B /* Pods-Parstagram-ParstagramUITests.release.xcconfig */ = {isa = PBXFileReference; includeInIndex = 1; lastKnownFileType = text.xcconfig; name = "Pods-Parstagram-ParstagramUITests.release.xcconfig"; path = "Target Support Files/Pods-Parstagram-ParstagramUITests/Pods-Parstagram-ParstagramUITests.release.xcconfig"; sourceTree = "<group>"; };
		3A43390E47A9A914576837E3 /* Pods-Parstagram.debug.xcconfig */ = {isa = PBXFileReference; includeInIndex = 1; lastKnownFileType = text.xcconfig; name = "Pods-Parstagram.debug.xcconfig"; path = "Target Support Files/Pods-Parstagram/Pods-Parstagram.debug.xcconfig"; sourceTree = "<group>"; };
		79409FA5DE89E319BF23DD23 /* Pods_ParstagramTests.framework */ = {isa = PBXFileReference; explicitFileType = wrapper.framework; includeInIndex = 0; path = Pods_ParstagramTests.framework; sourceTree = BUILT_PRODUCTS_DIR; };
		AE50FD92C889641651B99714 /* Pods_Parstagram.framework */ = {isa = PBXFileReference; explicitFileType = wrapper.framework; includeInIndex = 0; path = Pods_Parstagram.framework; sourceTree = BUILT_PRODUCTS_DIR; };
		BD66CF46002F27864BBA8F81 /* Pods-ParstagramTests.debug.xcconfig */ = {isa = PBXFileReference; includeInIndex = 1; lastKnownFileType = text.xcconfig; name = "Pods-ParstagramTests.debug.xcconfig"; path = "Target Support Files/Pods-ParstagramTests/Pods-ParstagramTests.debug.xcconfig"; sourceTree = "<group>"; };
		C64A92E126068F0400E469C0 /* Parstagram.app */ = {isa = PBXFileReference; explicitFileType = wrapper.application; includeInIndex = 0; path = Parstagram.app; sourceTree = BUILT_PRODUCTS_DIR; };
		C64A92E426068F0400E469C0 /* AppDelegate.swift */ = {isa = PBXFileReference; lastKnownFileType = sourcecode.swift; path = AppDelegate.swift; sourceTree = "<group>"; };
		C64A92E626068F0400E469C0 /* SceneDelegate.swift */ = {isa = PBXFileReference; lastKnownFileType = sourcecode.swift; path = SceneDelegate.swift; sourceTree = "<group>"; };
		C64A92EB26068F0400E469C0 /* Base */ = {isa = PBXFileReference; lastKnownFileType = file.storyboard; name = Base; path = Base.lproj/Main.storyboard; sourceTree = "<group>"; };
		C64A92ED26068F0600E469C0 /* Assets.xcassets */ = {isa = PBXFileReference; lastKnownFileType = folder.assetcatalog; path = Assets.xcassets; sourceTree = "<group>"; };
		C64A92F026068F0600E469C0 /* Base */ = {isa = PBXFileReference; lastKnownFileType = file.storyboard; name = Base; path = Base.lproj/LaunchScreen.storyboard; sourceTree = "<group>"; };
		C64A92F226068F0600E469C0 /* Info.plist */ = {isa = PBXFileReference; lastKnownFileType = text.plist.xml; path = Info.plist; sourceTree = "<group>"; };
		C64A92F726068F0600E469C0 /* ParstagramTests.xctest */ = {isa = PBXFileReference; explicitFileType = wrapper.cfbundle; includeInIndex = 0; path = ParstagramTests.xctest; sourceTree = BUILT_PRODUCTS_DIR; };
		C64A92FB26068F0600E469C0 /* ParstagramTests.swift */ = {isa = PBXFileReference; lastKnownFileType = sourcecode.swift; path = ParstagramTests.swift; sourceTree = "<group>"; };
		C64A92FD26068F0600E469C0 /* Info.plist */ = {isa = PBXFileReference; lastKnownFileType = text.plist.xml; path = Info.plist; sourceTree = "<group>"; };
		C64A930226068F0600E469C0 /* ParstagramUITests.xctest */ = {isa = PBXFileReference; explicitFileType = wrapper.cfbundle; includeInIndex = 0; path = ParstagramUITests.xctest; sourceTree = BUILT_PRODUCTS_DIR; };
		C64A930626068F0600E469C0 /* ParstagramUITests.swift */ = {isa = PBXFileReference; lastKnownFileType = sourcecode.swift; path = ParstagramUITests.swift; sourceTree = "<group>"; };
		C64A930826068F0600E469C0 /* Info.plist */ = {isa = PBXFileReference; lastKnownFileType = text.plist.xml; path = Info.plist; sourceTree = "<group>"; };
		C67CAB852606958800A3B591 /* LoginViewController.swift */ = {isa = PBXFileReference; lastKnownFileType = sourcecode.swift; path = LoginViewController.swift; sourceTree = "<group>"; };
		C67CAB8A2606959700A3B591 /* FeedViewController.swift */ = {isa = PBXFileReference; lastKnownFileType = sourcecode.swift; path = FeedViewController.swift; sourceTree = "<group>"; };
		C67CAB8F26069B7F00A3B591 /* CameraViewController.swift */ = {isa = PBXFileReference; lastKnownFileType = sourcecode.swift; path = CameraViewController.swift; sourceTree = "<group>"; };
		C67CAB9F2606A5C900A3B591 /* PostCell.swift */ = {isa = PBXFileReference; lastKnownFileType = sourcecode.swift; path = PostCell.swift; sourceTree = "<group>"; };
		CED2D7B3E87BE9E91D06DD8B /* Pods_Parstagram_ParstagramUITests.framework */ = {isa = PBXFileReference; explicitFileType = wrapper.framework; includeInIndex = 0; path = Pods_Parstagram_ParstagramUITests.framework; sourceTree = BUILT_PRODUCTS_DIR; };
		E95664048B6B80E6C5FE8923 /* Pods-Parstagram.release.xcconfig */ = {isa = PBXFileReference; includeInIndex = 1; lastKnownFileType = text.xcconfig; name = "Pods-Parstagram.release.xcconfig"; path = "Target Support Files/Pods-Parstagram/Pods-Parstagram.release.xcconfig"; sourceTree = "<group>"; };
		F81DD3D8F286FC73BF1CB44E /* Pods-Parstagram-ParstagramUITests.debug.xcconfig */ = {isa = PBXFileReference; includeInIndex = 1; lastKnownFileType = text.xcconfig; name = "Pods-Parstagram-ParstagramUITests.debug.xcconfig"; path = "Target Support Files/Pods-Parstagram-ParstagramUITests/Pods-Parstagram-ParstagramUITests.debug.xcconfig"; sourceTree = "<group>"; };
		F9CAAED69DCEF819B11CB130 /* Pods-ParstagramTests.release.xcconfig */ = {isa = PBXFileReference; includeInIndex = 1; lastKnownFileType = text.xcconfig; name = "Pods-ParstagramTests.release.xcconfig"; path = "Target Support Files/Pods-ParstagramTests/Pods-ParstagramTests.release.xcconfig"; sourceTree = "<group>"; };
/* End PBXFileReference section */

/* Begin PBXFrameworksBuildPhase section */
		C64A92DE26068F0400E469C0 /* Frameworks */ = {
			isa = PBXFrameworksBuildPhase;
			buildActionMask = 2147483647;
			files = (
				2AD9AB6DE2A0787776137C8D /* Pods_Parstagram.framework in Frameworks */,
			);
			runOnlyForDeploymentPostprocessing = 0;
		};
		C64A92F426068F0600E469C0 /* Frameworks */ = {
			isa = PBXFrameworksBuildPhase;
			buildActionMask = 2147483647;
			files = (
				7A66532E1F193FA632D1CC9E /* Pods_ParstagramTests.framework in Frameworks */,
			);
			runOnlyForDeploymentPostprocessing = 0;
		};
		C64A92FF26068F0600E469C0 /* Frameworks */ = {
			isa = PBXFrameworksBuildPhase;
			buildActionMask = 2147483647;
			files = (
				DD234637EEB538E2AD988F37 /* Pods_Parstagram_ParstagramUITests.framework in Frameworks */,
			);
			runOnlyForDeploymentPostprocessing = 0;
		};
/* End PBXFrameworksBuildPhase section */

/* Begin PBXGroup section */
		184366604F637DB30A16DE3F /* Pods */ = {
			isa = PBXGroup;
			children = (
				3A43390E47A9A914576837E3 /* Pods-Parstagram.debug.xcconfig */,
				E95664048B6B80E6C5FE8923 /* Pods-Parstagram.release.xcconfig */,
				F81DD3D8F286FC73BF1CB44E /* Pods-Parstagram-ParstagramUITests.debug.xcconfig */,
				33E6EE46CE1F9AB4ED23F74B /* Pods-Parstagram-ParstagramUITests.release.xcconfig */,
				BD66CF46002F27864BBA8F81 /* Pods-ParstagramTests.debug.xcconfig */,
				F9CAAED69DCEF819B11CB130 /* Pods-ParstagramTests.release.xcconfig */,
			);
			path = Pods;
			sourceTree = "<group>";
		};
		48D9FCDD32B1EF691CEC79A3 /* Frameworks */ = {
			isa = PBXGroup;
			children = (
				AE50FD92C889641651B99714 /* Pods_Parstagram.framework */,
				CED2D7B3E87BE9E91D06DD8B /* Pods_Parstagram_ParstagramUITests.framework */,
				79409FA5DE89E319BF23DD23 /* Pods_ParstagramTests.framework */,
			);
			name = Frameworks;
			sourceTree = "<group>";
		};
		C64A92D826068F0400E469C0 = {
			isa = PBXGroup;
			children = (
				C64A92E326068F0400E469C0 /* Parstagram */,
				C64A92FA26068F0600E469C0 /* ParstagramTests */,
				C64A930526068F0600E469C0 /* ParstagramUITests */,
				C64A92E226068F0400E469C0 /* Products */,
				184366604F637DB30A16DE3F /* Pods */,
				48D9FCDD32B1EF691CEC79A3 /* Frameworks */,
			);
			sourceTree = "<group>";
		};
		C64A92E226068F0400E469C0 /* Products */ = {
			isa = PBXGroup;
			children = (
				C64A92E126068F0400E469C0 /* Parstagram.app */,
				C64A92F726068F0600E469C0 /* ParstagramTests.xctest */,
				C64A930226068F0600E469C0 /* ParstagramUITests.xctest */,
			);
			name = Products;
			sourceTree = "<group>";
		};
		C64A92E326068F0400E469C0 /* Parstagram */ = {
			isa = PBXGroup;
			children = (
				C64A92E426068F0400E469C0 /* AppDelegate.swift */,
				C64A92E626068F0400E469C0 /* SceneDelegate.swift */,
				C64A92EA26068F0400E469C0 /* Main.storyboard */,
				C64A92ED26068F0600E469C0 /* Assets.xcassets */,
				C64A92EF26068F0600E469C0 /* LaunchScreen.storyboard */,
				C64A92F226068F0600E469C0 /* Info.plist */,
				C67CAB852606958800A3B591 /* LoginViewController.swift */,
				C67CAB8A2606959700A3B591 /* FeedViewController.swift */,
				C67CAB8F26069B7F00A3B591 /* CameraViewController.swift */,
				C67CAB9F2606A5C900A3B591 /* PostCell.swift */,
			);
			path = Parstagram;
			sourceTree = "<group>";
		};
		C64A92FA26068F0600E469C0 /* ParstagramTests */ = {
			isa = PBXGroup;
			children = (
				C64A92FB26068F0600E469C0 /* ParstagramTests.swift */,
				C64A92FD26068F0600E469C0 /* Info.plist */,
			);
			path = ParstagramTests;
			sourceTree = "<group>";
		};
		C64A930526068F0600E469C0 /* ParstagramUITests */ = {
			isa = PBXGroup;
			children = (
				C64A930626068F0600E469C0 /* ParstagramUITests.swift */,
				C64A930826068F0600E469C0 /* Info.plist */,
			);
			path = ParstagramUITests;
			sourceTree = "<group>";
		};
/* End PBXGroup section */

/* Begin PBXNativeTarget section */
		C64A92E026068F0400E469C0 /* Parstagram */ = {
			isa = PBXNativeTarget;
			buildConfigurationList = C64A930B26068F0600E469C0 /* Build configuration list for PBXNativeTarget "Parstagram" */;
			buildPhases = (
				F25143A034EF9EF6C689D0CD /* [CP] Check Pods Manifest.lock */,
				C64A92DD26068F0400E469C0 /* Sources */,
				C64A92DE26068F0400E469C0 /* Frameworks */,
				C64A92DF26068F0400E469C0 /* Resources */,
				B1C5D7B2D25586CC11A0891C /* [CP] Embed Pods Frameworks */,
			);
			buildRules = (
			);
			dependencies = (
			);
			name = Parstagram;
			productName = Parstagram;
			productReference = C64A92E126068F0400E469C0 /* Parstagram.app */;
			productType = "com.apple.product-type.application";
		};
		C64A92F626068F0600E469C0 /* ParstagramTests */ = {
			isa = PBXNativeTarget;
			buildConfigurationList = C64A930E26068F0600E469C0 /* Build configuration list for PBXNativeTarget "ParstagramTests" */;
			buildPhases = (
				21F5AEE51E5DB1620429B09B /* [CP] Check Pods Manifest.lock */,
				C64A92F326068F0600E469C0 /* Sources */,
				C64A92F426068F0600E469C0 /* Frameworks */,
				C64A92F526068F0600E469C0 /* Resources */,
			);
			buildRules = (
			);
			dependencies = (
				C64A92F926068F0600E469C0 /* PBXTargetDependency */,
			);
			name = ParstagramTests;
			productName = ParstagramTests;
			productReference = C64A92F726068F0600E469C0 /* ParstagramTests.xctest */;
			productType = "com.apple.product-type.bundle.unit-test";
		};
		C64A930126068F0600E469C0 /* ParstagramUITests */ = {
			isa = PBXNativeTarget;
			buildConfigurationList = C64A931126068F0600E469C0 /* Build configuration list for PBXNativeTarget "ParstagramUITests" */;
			buildPhases = (
				EF9B20057A4866003CD58555 /* [CP] Check Pods Manifest.lock */,
				C64A92FE26068F0600E469C0 /* Sources */,
				C64A92FF26068F0600E469C0 /* Frameworks */,
				C64A930026068F0600E469C0 /* Resources */,
				02CCDE876AC2C8BEECA26C56 /* [CP] Embed Pods Frameworks */,
			);
			buildRules = (
			);
			dependencies = (
				C64A930426068F0600E469C0 /* PBXTargetDependency */,
			);
			name = ParstagramUITests;
			productName = ParstagramUITests;
			productReference = C64A930226068F0600E469C0 /* ParstagramUITests.xctest */;
			productType = "com.apple.product-type.bundle.ui-testing";
		};
/* End PBXNativeTarget section */

/* Begin PBXProject section */
		C64A92D926068F0400E469C0 /* Project object */ = {
			isa = PBXProject;
			attributes = {
				LastSwiftUpdateCheck = 1210;
				LastUpgradeCheck = 1210;
				TargetAttributes = {
					C64A92E026068F0400E469C0 = {
						CreatedOnToolsVersion = 12.1;
					};
					C64A92F626068F0600E469C0 = {
						CreatedOnToolsVersion = 12.1;
						TestTargetID = C64A92E026068F0400E469C0;
					};
					C64A930126068F0600E469C0 = {
						CreatedOnToolsVersion = 12.1;
						TestTargetID = C64A92E026068F0400E469C0;
					};
				};
			};
			buildConfigurationList = C64A92DC26068F0400E469C0 /* Build configuration list for PBXProject "Parstagram" */;
			compatibilityVersion = "Xcode 9.3";
			developmentRegion = en;
			hasScannedForEncodings = 0;
			knownRegions = (
				en,
				Base,
			);
			mainGroup = C64A92D826068F0400E469C0;
			productRefGroup = C64A92E226068F0400E469C0 /* Products */;
			projectDirPath = "";
			projectRoot = "";
			targets = (
				C64A92E026068F0400E469C0 /* Parstagram */,
				C64A92F626068F0600E469C0 /* ParstagramTests */,
				C64A930126068F0600E469C0 /* ParstagramUITests */,
			);
		};
/* End PBXProject section */

/* Begin PBXResourcesBuildPhase section */
		C64A92DF26068F0400E469C0 /* Resources */ = {
			isa = PBXResourcesBuildPhase;
			buildActionMask = 2147483647;
			files = (
				C64A92F126068F0600E469C0 /* LaunchScreen.storyboard in Resources */,
				C64A92EE26068F0600E469C0 /* Assets.xcassets in Resources */,
				C64A92EC26068F0400E469C0 /* Main.storyboard in Resources */,
			);
			runOnlyForDeploymentPostprocessing = 0;
		};
		C64A92F526068F0600E469C0 /* Resources */ = {
			isa = PBXResourcesBuildPhase;
			buildActionMask = 2147483647;
			files = (
			);
			runOnlyForDeploymentPostprocessing = 0;
		};
		C64A930026068F0600E469C0 /* Resources */ = {
			isa = PBXResourcesBuildPhase;
			buildActionMask = 2147483647;
			files = (
			);
			runOnlyForDeploymentPostprocessing = 0;
		};
/* End PBXResourcesBuildPhase section */

/* Begin PBXShellScriptBuildPhase section */
		02CCDE876AC2C8BEECA26C56 /* [CP] Embed Pods Frameworks */ = {
			isa = PBXShellScriptBuildPhase;
			buildActionMask = 2147483647;
			files = (
			);
			inputFileListPaths = (
				"${PODS_ROOT}/Target Support Files/Pods-Parstagram-ParstagramUITests/Pods-Parstagram-ParstagramUITests-frameworks-${CONFIGURATION}-input-files.xcfilelist",
			);
			name = "[CP] Embed Pods Frameworks";
			outputFileListPaths = (
				"${PODS_ROOT}/Target Support Files/Pods-Parstagram-ParstagramUITests/Pods-Parstagram-ParstagramUITests-frameworks-${CONFIGURATION}-output-files.xcfilelist",
			);
			runOnlyForDeploymentPostprocessing = 0;
			shellPath = /bin/sh;
			shellScript = "\"${PODS_ROOT}/Target Support Files/Pods-Parstagram-ParstagramUITests/Pods-Parstagram-ParstagramUITests-frameworks.sh\"\n";
			showEnvVarsInLog = 0;
		};
		21F5AEE51E5DB1620429B09B /* [CP] Check Pods Manifest.lock */ = {
			isa = PBXShellScriptBuildPhase;
			buildActionMask = 2147483647;
			files = (
			);
			inputFileListPaths = (
			);
			inputPaths = (
				"${PODS_PODFILE_DIR_PATH}/Podfile.lock",
				"${PODS_ROOT}/Manifest.lock",
			);
			name = "[CP] Check Pods Manifest.lock";
			outputFileListPaths = (
			);
			outputPaths = (
				"$(DERIVED_FILE_DIR)/Pods-ParstagramTests-checkManifestLockResult.txt",
			);
			runOnlyForDeploymentPostprocessing = 0;
			shellPath = /bin/sh;
			shellScript = "diff \"${PODS_PODFILE_DIR_PATH}/Podfile.lock\" \"${PODS_ROOT}/Manifest.lock\" > /dev/null\nif [ $? != 0 ] ; then\n    # print error to STDERR\n    echo \"error: The sandbox is not in sync with the Podfile.lock. Run 'pod install' or update your CocoaPods installation.\" >&2\n    exit 1\nfi\n# This output is used by Xcode 'outputs' to avoid re-running this script phase.\necho \"SUCCESS\" > \"${SCRIPT_OUTPUT_FILE_0}\"\n";
			showEnvVarsInLog = 0;
		};
		B1C5D7B2D25586CC11A0891C /* [CP] Embed Pods Frameworks */ = {
			isa = PBXShellScriptBuildPhase;
			buildActionMask = 2147483647;
			files = (
			);
			inputFileListPaths = (
				"${PODS_ROOT}/Target Support Files/Pods-Parstagram/Pods-Parstagram-frameworks-${CONFIGURATION}-input-files.xcfilelist",
			);
			name = "[CP] Embed Pods Frameworks";
			outputFileListPaths = (
				"${PODS_ROOT}/Target Support Files/Pods-Parstagram/Pods-Parstagram-frameworks-${CONFIGURATION}-output-files.xcfilelist",
			);
			runOnlyForDeploymentPostprocessing = 0;
			shellPath = /bin/sh;
			shellScript = "\"${PODS_ROOT}/Target Support Files/Pods-Parstagram/Pods-Parstagram-frameworks.sh\"\n";
			showEnvVarsInLog = 0;
		};
		EF9B20057A4866003CD58555 /* [CP] Check Pods Manifest.lock */ = {
			isa = PBXShellScriptBuildPhase;
			buildActionMask = 2147483647;
			files = (
			);
			inputFileListPaths = (
			);
			inputPaths = (
				"${PODS_PODFILE_DIR_PATH}/Podfile.lock",
				"${PODS_ROOT}/Manifest.lock",
			);
			name = "[CP] Check Pods Manifest.lock";
			outputFileListPaths = (
			);
			outputPaths = (
				"$(DERIVED_FILE_DIR)/Pods-Parstagram-ParstagramUITests-checkManifestLockResult.txt",
			);
			runOnlyForDeploymentPostprocessing = 0;
			shellPath = /bin/sh;
			shellScript = "diff \"${PODS_PODFILE_DIR_PATH}/Podfile.lock\" \"${PODS_ROOT}/Manifest.lock\" > /dev/null\nif [ $? != 0 ] ; then\n    # print error to STDERR\n    echo \"error: The sandbox is not in sync with the Podfile.lock. Run 'pod install' or update your CocoaPods installation.\" >&2\n    exit 1\nfi\n# This output is used by Xcode 'outputs' to avoid re-running this script phase.\necho \"SUCCESS\" > \"${SCRIPT_OUTPUT_FILE_0}\"\n";
			showEnvVarsInLog = 0;
		};
		F25143A034EF9EF6C689D0CD /* [CP] Check Pods Manifest.lock */ = {
			isa = PBXShellScriptBuildPhase;
			buildActionMask = 2147483647;
			files = (
			);
			inputFileListPaths = (
			);
			inputPaths = (
				"${PODS_PODFILE_DIR_PATH}/Podfile.lock",
				"${PODS_ROOT}/Manifest.lock",
			);
			name = "[CP] Check Pods Manifest.lock";
			outputFileListPaths = (
			);
			outputPaths = (
				"$(DERIVED_FILE_DIR)/Pods-Parstagram-checkManifestLockResult.txt",
			);
			runOnlyForDeploymentPostprocessing = 0;
			shellPath = /bin/sh;
			shellScript = "diff \"${PODS_PODFILE_DIR_PATH}/Podfile.lock\" \"${PODS_ROOT}/Manifest.lock\" > /dev/null\nif [ $? != 0 ] ; then\n    # print error to STDERR\n    echo \"error: The sandbox is not in sync with the Podfile.lock. Run 'pod install' or update your CocoaPods installation.\" >&2\n    exit 1\nfi\n# This output is used by Xcode 'outputs' to avoid re-running this script phase.\necho \"SUCCESS\" > \"${SCRIPT_OUTPUT_FILE_0}\"\n";
			showEnvVarsInLog = 0;
		};
/* End PBXShellScriptBuildPhase section */

/* Begin PBXSourcesBuildPhase section */
		C64A92DD26068F0400E469C0 /* Sources */ = {
			isa = PBXSourcesBuildPhase;
			buildActionMask = 2147483647;
			files = (
				C67CAB862606958800A3B591 /* LoginViewController.swift in Sources */,
				C67CAB9026069B7F00A3B591 /* CameraViewController.swift in Sources */,
				C64A92E526068F0400E469C0 /* AppDelegate.swift in Sources */,
				C67CAB8B2606959700A3B591 /* FeedViewController.swift in Sources */,
				C64A92E726068F0400E469C0 /* SceneDelegate.swift in Sources */,
				C67CABA02606A5C900A3B591 /* PostCell.swift in Sources */,
			);
			runOnlyForDeploymentPostprocessing = 0;
		};
		C64A92F326068F0600E469C0 /* Sources */ = {
			isa = PBXSourcesBuildPhase;
			buildActionMask = 2147483647;
			files = (
				C64A92FC26068F0600E469C0 /* ParstagramTests.swift in Sources */,
			);
			runOnlyForDeploymentPostprocessing = 0;
		};
		C64A92FE26068F0600E469C0 /* Sources */ = {
			isa = PBXSourcesBuildPhase;
			buildActionMask = 2147483647;
			files = (
				C64A930726068F0600E469C0 /* ParstagramUITests.swift in Sources */,
			);
			runOnlyForDeploymentPostprocessing = 0;
		};
/* End PBXSourcesBuildPhase section */

/* Begin PBXTargetDependency section */
		C64A92F926068F0600E469C0 /* PBXTargetDependency */ = {
			isa = PBXTargetDependency;
			target = C64A92E026068F0400E469C0 /* Parstagram */;
			targetProxy = C64A92F826068F0600E469C0 /* PBXContainerItemProxy */;
		};
		C64A930426068F0600E469C0 /* PBXTargetDependency */ = {
			isa = PBXTargetDependency;
			target = C64A92E026068F0400E469C0 /* Parstagram */;
			targetProxy = C64A930326068F0600E469C0 /* PBXContainerItemProxy */;
		};
/* End PBXTargetDependency section */

/* Begin PBXVariantGroup section */
		C64A92EA26068F0400E469C0 /* Main.storyboard */ = {
			isa = PBXVariantGroup;
			children = (
				C64A92EB26068F0400E469C0 /* Base */,
			);
			name = Main.storyboard;
			sourceTree = "<group>";
		};
		C64A92EF26068F0600E469C0 /* LaunchScreen.storyboard */ = {
			isa = PBXVariantGroup;
			children = (
				C64A92F026068F0600E469C0 /* Base */,
			);
			name = LaunchScreen.storyboard;
			sourceTree = "<group>";
		};
/* End PBXVariantGroup section */

/* Begin XCBuildConfiguration section */
		C64A930926068F0600E469C0 /* Debug */ = {
			isa = XCBuildConfiguration;
			buildSettings = {
				ALWAYS_SEARCH_USER_PATHS = NO;
				CLANG_ANALYZER_NONNULL = YES;
				CLANG_ANALYZER_NUMBER_OBJECT_CONVERSION = YES_AGGRESSIVE;
				CLANG_CXX_LANGUAGE_STANDARD = "gnu++14";
				CLANG_CXX_LIBRARY = "libc++";
				CLANG_ENABLE_MODULES = YES;
				CLANG_ENABLE_OBJC_ARC = YES;
				CLANG_ENABLE_OBJC_WEAK = YES;
				CLANG_WARN_BLOCK_CAPTURE_AUTORELEASING = YES;
				CLANG_WARN_BOOL_CONVERSION = YES;
				CLANG_WARN_COMMA = YES;
				CLANG_WARN_CONSTANT_CONVERSION = YES;
				CLANG_WARN_DEPRECATED_OBJC_IMPLEMENTATIONS = YES;
				CLANG_WARN_DIRECT_OBJC_ISA_USAGE = YES_ERROR;
				CLANG_WARN_DOCUMENTATION_COMMENTS = YES;
				CLANG_WARN_EMPTY_BODY = YES;
				CLANG_WARN_ENUM_CONVERSION = YES;
				CLANG_WARN_INFINITE_RECURSION = YES;
				CLANG_WARN_INT_CONVERSION = YES;
				CLANG_WARN_NON_LITERAL_NULL_CONVERSION = YES;
				CLANG_WARN_OBJC_IMPLICIT_RETAIN_SELF = YES;
				CLANG_WARN_OBJC_LITERAL_CONVERSION = YES;
				CLANG_WARN_OBJC_ROOT_CLASS = YES_ERROR;
				CLANG_WARN_QUOTED_INCLUDE_IN_FRAMEWORK_HEADER = YES;
				CLANG_WARN_RANGE_LOOP_ANALYSIS = YES;
				CLANG_WARN_STRICT_PROTOTYPES = YES;
				CLANG_WARN_SUSPICIOUS_MOVE = YES;
				CLANG_WARN_UNGUARDED_AVAILABILITY = YES_AGGRESSIVE;
				CLANG_WARN_UNREACHABLE_CODE = YES;
				CLANG_WARN__DUPLICATE_METHOD_MATCH = YES;
				COPY_PHASE_STRIP = NO;
				DEBUG_INFORMATION_FORMAT = dwarf;
				ENABLE_STRICT_OBJC_MSGSEND = YES;
				ENABLE_TESTABILITY = YES;
				GCC_C_LANGUAGE_STANDARD = gnu11;
				GCC_DYNAMIC_NO_PIC = NO;
				GCC_NO_COMMON_BLOCKS = YES;
				GCC_OPTIMIZATION_LEVEL = 0;
				GCC_PREPROCESSOR_DEFINITIONS = (
					"DEBUG=1",
					"$(inherited)",
				);
				GCC_WARN_64_TO_32_BIT_CONVERSION = YES;
				GCC_WARN_ABOUT_RETURN_TYPE = YES_ERROR;
				GCC_WARN_UNDECLARED_SELECTOR = YES;
				GCC_WARN_UNINITIALIZED_AUTOS = YES_AGGRESSIVE;
				GCC_WARN_UNUSED_FUNCTION = YES;
				GCC_WARN_UNUSED_VARIABLE = YES;
				IPHONEOS_DEPLOYMENT_TARGET = 14.1;
				MTL_ENABLE_DEBUG_INFO = INCLUDE_SOURCE;
				MTL_FAST_MATH = YES;
				ONLY_ACTIVE_ARCH = YES;
				SDKROOT = iphoneos;
				SWIFT_ACTIVE_COMPILATION_CONDITIONS = DEBUG;
				SWIFT_OPTIMIZATION_LEVEL = "-Onone";
			};
			name = Debug;
		};
		C64A930A26068F0600E469C0 /* Release */ = {
			isa = XCBuildConfiguration;
			buildSettings = {
				ALWAYS_SEARCH_USER_PATHS = NO;
				CLANG_ANALYZER_NONNULL = YES;
				CLANG_ANALYZER_NUMBER_OBJECT_CONVERSION = YES_AGGRESSIVE;
				CLANG_CXX_LANGUAGE_STANDARD = "gnu++14";
				CLANG_CXX_LIBRARY = "libc++";
				CLANG_ENABLE_MODULES = YES;
				CLANG_ENABLE_OBJC_ARC = YES;
				CLANG_ENABLE_OBJC_WEAK = YES;
				CLANG_WARN_BLOCK_CAPTURE_AUTORELEASING = YES;
				CLANG_WARN_BOOL_CONVERSION = YES;
				CLANG_WARN_COMMA = YES;
				CLANG_WARN_CONSTANT_CONVERSION = YES;
				CLANG_WARN_DEPRECATED_OBJC_IMPLEMENTATIONS = YES;
				CLANG_WARN_DIRECT_OBJC_ISA_USAGE = YES_ERROR;
				CLANG_WARN_DOCUMENTATION_COMMENTS = YES;
				CLANG_WARN_EMPTY_BODY = YES;
				CLANG_WARN_ENUM_CONVERSION = YES;
				CLANG_WARN_INFINITE_RECURSION = YES;
				CLANG_WARN_INT_CONVERSION = YES;
				CLANG_WARN_NON_LITERAL_NULL_CONVERSION = YES;
				CLANG_WARN_OBJC_IMPLICIT_RETAIN_SELF = YES;
				CLANG_WARN_OBJC_LITERAL_CONVERSION = YES;
				CLANG_WARN_OBJC_ROOT_CLASS = YES_ERROR;
				CLANG_WARN_QUOTED_INCLUDE_IN_FRAMEWORK_HEADER = YES;
				CLANG_WARN_RANGE_LOOP_ANALYSIS = YES;
				CLANG_WARN_STRICT_PROTOTYPES = YES;
				CLANG_WARN_SUSPICIOUS_MOVE = YES;
				CLANG_WARN_UNGUARDED_AVAILABILITY = YES_AGGRESSIVE;
				CLANG_WARN_UNREACHABLE_CODE = YES;
				CLANG_WARN__DUPLICATE_METHOD_MATCH = YES;
				COPY_PHASE_STRIP = NO;
				DEBUG_INFORMATION_FORMAT = "dwarf-with-dsym";
				ENABLE_NS_ASSERTIONS = NO;
				ENABLE_STRICT_OBJC_MSGSEND = YES;
				GCC_C_LANGUAGE_STANDARD = gnu11;
				GCC_NO_COMMON_BLOCKS = YES;
				GCC_WARN_64_TO_32_BIT_CONVERSION = YES;
				GCC_WARN_ABOUT_RETURN_TYPE = YES_ERROR;
				GCC_WARN_UNDECLARED_SELECTOR = YES;
				GCC_WARN_UNINITIALIZED_AUTOS = YES_AGGRESSIVE;
				GCC_WARN_UNUSED_FUNCTION = YES;
				GCC_WARN_UNUSED_VARIABLE = YES;
				IPHONEOS_DEPLOYMENT_TARGET = 14.1;
				MTL_ENABLE_DEBUG_INFO = NO;
				MTL_FAST_MATH = YES;
				SDKROOT = iphoneos;
				SWIFT_COMPILATION_MODE = wholemodule;
				SWIFT_OPTIMIZATION_LEVEL = "-O";
				VALIDATE_PRODUCT = YES;
			};
			name = Release;
		};
		C64A930C26068F0600E469C0 /* Debug */ = {
			isa = XCBuildConfiguration;
			baseConfigurationReference = 3A43390E47A9A914576837E3 /* Pods-Parstagram.debug.xcconfig */;
			buildSettings = {
				ASSETCATALOG_COMPILER_APPICON_NAME = AppIcon;
				ASSETCATALOG_COMPILER_GLOBAL_ACCENT_COLOR_NAME = AccentColor;
				CODE_SIGN_STYLE = Automatic;
				INFOPLIST_FILE = Parstagram/Info.plist;
				LD_RUNPATH_SEARCH_PATHS = (
					"$(inherited)",
					"@executable_path/Frameworks",
				);
				PRODUCT_BUNDLE_IDENTIFIER = skartikey13.Parstagram;
				PRODUCT_NAME = "$(TARGET_NAME)";
				SWIFT_VERSION = 5.0;
				TARGETED_DEVICE_FAMILY = "1,2";
			};
			name = Debug;
		};
		C64A930D26068F0600E469C0 /* Release */ = {
			isa = XCBuildConfiguration;
			baseConfigurationReference = E95664048B6B80E6C5FE8923 /* Pods-Parstagram.release.xcconfig */;
			buildSettings = {
				ASSETCATALOG_COMPILER_APPICON_NAME = AppIcon;
				ASSETCATALOG_COMPILER_GLOBAL_ACCENT_COLOR_NAME = AccentColor;
				CODE_SIGN_STYLE = Automatic;
				INFOPLIST_FILE = Parstagram/Info.plist;
				LD_RUNPATH_SEARCH_PATHS = (
					"$(inherited)",
					"@executable_path/Frameworks",
				);
				PRODUCT_BUNDLE_IDENTIFIER = skartikey13.Parstagram;
				PRODUCT_NAME = "$(TARGET_NAME)";
				SWIFT_VERSION = 5.0;
				TARGETED_DEVICE_FAMILY = "1,2";
			};
			name = Release;
		};
		C64A930F26068F0600E469C0 /* Debug */ = {
			isa = XCBuildConfiguration;
			baseConfigurationReference = BD66CF46002F27864BBA8F81 /* Pods-ParstagramTests.debug.xcconfig */;
			buildSettings = {
				ALWAYS_EMBED_SWIFT_STANDARD_LIBRARIES = YES;
				BUNDLE_LOADER = "$(TEST_HOST)";
				CODE_SIGN_STYLE = Automatic;
				INFOPLIST_FILE = ParstagramTests/Info.plist;
				IPHONEOS_DEPLOYMENT_TARGET = 14.1;
				LD_RUNPATH_SEARCH_PATHS = (
					"$(inherited)",
					"@executable_path/Frameworks",
					"@loader_path/Frameworks",
				);
				PRODUCT_BUNDLE_IDENTIFIER = skartikey13.ParstagramTests;
				PRODUCT_NAME = "$(TARGET_NAME)";
				SWIFT_VERSION = 5.0;
				TARGETED_DEVICE_FAMILY = "1,2";
				TEST_HOST = "$(BUILT_PRODUCTS_DIR)/Parstagram.app/Parstagram";
			};
			name = Debug;
		};
		C64A931026068F0600E469C0 /* Release */ = {
			isa = XCBuildConfiguration;
			baseConfigurationReference = F9CAAED69DCEF819B11CB130 /* Pods-ParstagramTests.release.xcconfig */;
			buildSettings = {
				ALWAYS_EMBED_SWIFT_STANDARD_LIBRARIES = YES;
				BUNDLE_LOADER = "$(TEST_HOST)";
				CODE_SIGN_STYLE = Automatic;
				INFOPLIST_FILE = ParstagramTests/Info.plist;
				IPHONEOS_DEPLOYMENT_TARGET = 14.1;
				LD_RUNPATH_SEARCH_PATHS = (
					"$(inherited)",
					"@executable_path/Frameworks",
					"@loader_path/Frameworks",
				);
				PRODUCT_BUNDLE_IDENTIFIER = skartikey13.ParstagramTests;
				PRODUCT_NAME = "$(TARGET_NAME)";
				SWIFT_VERSION = 5.0;
				TARGETED_DEVICE_FAMILY = "1,2";
				TEST_HOST = "$(BUILT_PRODUCTS_DIR)/Parstagram.app/Parstagram";
			};
			name = Release;
		};
		C64A931226068F0600E469C0 /* Debug */ = {
			isa = XCBuildConfiguration;
			baseConfigurationReference = F81DD3D8F286FC73BF1CB44E /* Pods-Parstagram-ParstagramUITests.debug.xcconfig */;
			buildSettings = {
				ALWAYS_EMBED_SWIFT_STANDARD_LIBRARIES = YES;
				CODE_SIGN_STYLE = Automatic;
				INFOPLIST_FILE = ParstagramUITests/Info.plist;
				LD_RUNPATH_SEARCH_PATHS = (
					"$(inherited)",
					"@executable_path/Frameworks",
					"@loader_path/Frameworks",
				);
				PRODUCT_BUNDLE_IDENTIFIER = skartikey13.ParstagramUITests;
				PRODUCT_NAME = "$(TARGET_NAME)";
				SWIFT_VERSION = 5.0;
				TARGETED_DEVICE_FAMILY = "1,2";
				TEST_TARGET_NAME = Parstagram;
			};
			name = Debug;
		};
		C64A931326068F0600E469C0 /* Release */ = {
			isa = XCBuildConfiguration;
			baseConfigurationReference = 33E6EE46CE1F9AB4ED23F74B /* Pods-Parstagram-ParstagramUITests.release.xcconfig */;
			buildSettings = {
				ALWAYS_EMBED_SWIFT_STANDARD_LIBRARIES = YES;
				CODE_SIGN_STYLE = Automatic;
				INFOPLIST_FILE = ParstagramUITests/Info.plist;
				LD_RUNPATH_SEARCH_PATHS = (
					"$(inherited)",
					"@executable_path/Frameworks",
					"@loader_path/Frameworks",
				);
				PRODUCT_BUNDLE_IDENTIFIER = skartikey13.ParstagramUITests;
				PRODUCT_NAME = "$(TARGET_NAME)";
				SWIFT_VERSION = 5.0;
				TARGETED_DEVICE_FAMILY = "1,2";
				TEST_TARGET_NAME = Parstagram;
			};
			name = Release;
		};
/* End XCBuildConfiguration section */

/* Begin XCConfigurationList section */
		C64A92DC26068F0400E469C0 /* Build configuration list for PBXProject "Parstagram" */ = {
			isa = XCConfigurationList;
			buildConfigurations = (
				C64A930926068F0600E469C0 /* Debug */,
				C64A930A26068F0600E469C0 /* Release */,
			);
			defaultConfigurationIsVisible = 0;
			defaultConfigurationName = Release;
		};
		C64A930B26068F0600E469C0 /* Build configuration list for PBXNativeTarget "Parstagram" */ = {
			isa = XCConfigurationList;
			buildConfigurations = (
				C64A930C26068F0600E469C0 /* Debug */,
				C64A930D26068F0600E469C0 /* Release */,
			);
			defaultConfigurationIsVisible = 0;
			defaultConfigurationName = Release;
		};
		C64A930E26068F0600E469C0 /* Build configuration list for PBXNativeTarget "ParstagramTests" */ = {
			isa = XCConfigurationList;
			buildConfigurations = (
				C64A930F26068F0600E469C0 /* Debug */,
				C64A931026068F0600E469C0 /* Release */,
			);
			defaultConfigurationIsVisible = 0;
			defaultConfigurationName = Release;
		};
		C64A931126068F0600E469C0 /* Build configuration list for PBXNativeTarget "ParstagramUITests" */ = {
			isa = XCConfigurationList;
			buildConfigurations = (
				C64A931226068F0600E469C0 /* Debug */,
				C64A931326068F0600E469C0 /* Release */,
			);
			defaultConfigurationIsVisible = 0;
			defaultConfigurationName = Release;
		};
/* End XCConfigurationList section */
	};
	rootObject = C64A92D926068F0400E469C0 /* Project object */;
}
